github.com/GuiltyMorishita/go-genaccessor v0.0.0-20190815004557-43035fd70571 h1:6s1NasLpcZspdxt1e+ZWuR7oqTpBUktOt7Lpsn+SYMo=
github.com/GuiltyMorishita/go-genaccessor v0.0.0-20190815004557-43035fd70571/go.mod h1:QYUzZdwc+NW5v/mtanZdA6YwTFQwLieAoQRnGaBoTQ4=
github.com/GuiltyMorishita/go-genaccessor v0.0.0-20190930094737-167832501325 h1:yHIE32Okx0eWaFW5wA7UB8dKmhazf0WmsdqgN/cqv2A=
github.com/GuiltyMorishita/go-genaccessor v0.0.0-20190930094737-167832501325/go.mod h1:krZ8fuAbonWg3BrsmvDxLwsj3XH0Y/hcd99G7eMpVLk=
github.com/GuiltyMorishita/go-genutil v0.0.0-20190815004155-5a8bbcb47411/go.mod h1:YTgEWMjM15jqHVM+k0FvBiaGK08MBk3FJd/Rnq1IwB0=
github.com/GuiltyMorishita/go-genutil v0.0.0-20190815004345-5e593622e6dd h1:jbt2br6nmFLNa7airFGL2ofk0mk+o7JN8cArbVe82WI=
github.com/GuiltyMorishita/go-genutil v0.0.0-20190815004345-5e593622e6dd/go.mod h1:t8SviTgPwYfk0tS8eLUlfPoV5Af1tv7CKcZtJw9AStM=
github.com/davecgh/go-spew v1.1.0/go.mod h1:J7Y8YcW2NihsgmVo/mv3lAwl/skON4iLHjSsI+c5H38=
github.com/davecgh/go-spew v1.1.1/go.mod h1:J7Y8YcW2NihsgmVo/mv3lAwl/skON4iLHjSsI+c5H38=
github.com/hori-ryota/go-genaccessor v0.0.0-20190717121856-b0af978f1bb9/go.mod h1:knXiPY3ReBRG2CuP1RwqQ5z8L1gHyl9IdjrarWGpB6k=
github.com/hori-ryota/go-genutil v0.0.0-20190728003904-822a317dd876/go.mod h1:9sPZb1sYl+IXabcQCVA2B8LgQWublEbpmosKUHqu2Ow=
github.com/hori-ryota/go-strcase v0.0.0-20190805232314-b02d8d1b99e6 h1:7Sik3GMCOuxgjEHht9TT23z3og9yPU/scr11q6dqaGc=
github.com/hori-ryota/go-strcase v0.0.0-20190805232314-b02d8d1b99e6/go.mod h1:hh5jl3h7qQIjvpv7XkO3nqyvVyEwIB672EYB8jj5Q/Y=
github.com/k0kubun/colorstring v0.0.0-20150214042306-9440f1994b88/go.mod h1:3w7q1U84EfirKl04SVQ/s7nPm1ZPhiXd34z40TNz36k=
github.com/kr/pretty v0.1.0/go.mod h1:dAy3ld7l9f0ibDNOQOHHMYYIIbhfbHSm3C4ZsoJORNo=
github.com/kr/pty v1.1.1/go.mod h1:pFQYn66WHrOpPYNljwOMqo10TkYh1fy3cYio2l3bCsQ=
github.com/kr/text v0.1.0/go.mod h1:4Jbv+DJW3UT/LiOwJeYQe1efqtUx/iVham/4vfdArNI=
github.com/mattn/go-colorable v0.1.2/go.mod h1:U0ppj6V5qS13XJ6of8GYAs25YV2eR4EVcfRqFIhoBtE=
github.com/mattn/go-isatty v0.0.8/go.mod h1:Iq45c/XA43vh69/j3iqttzPXn0bhXyGjM0Hdxcsrc5s=
github.com/pmezard/go-difflib v1.0.0/go.mod h1:iKH77koFhYxTK1pcRnkKkqfTogsbg7gZNVY4sRDYZ/4=
github.com/soichisumi/go-genaccessor v0.0.0-20200616091607-d6e96aa1ce70 h1:OkxL/O4Pus6zyFYjb+b09vj6cTOI0D3VjRzBWZSypT0=
github.com/soichisumi/go-genaccessor v0.0.0-20200616091607-d6e96aa1ce70/go.mod h1:HPtlVdFnEzeuHA72xeWORMF7WN0AbQ3/k6jyXlvkb34=
github.com/soichisumi/go-genutil v0.0.0-20200616091325-0ea45b2bbba8/go.mod h1:eb95nSjSYNd80KHCgARGOIBtszark6bWlOCzC/wwZWY=
github.com/stretchr/objx v0.1.0/go.mod h1:HFkY916IF+rwdDfMAkV7OtwuqBVzrE8GR6GFx+wExME=
github.com/stretchr/objx v0.2.0/go.mod h1:qt09Ya8vawLte6SNmTgCsAVtYtaKzEcn8ATUoHMkEqE=
github.com/stretchr/testify v1.3.0/go.mod h1:M5WIy9Dh21IEIfnGCwXGc5bZfKNJtfHm1UVUgZn+9EI=
github.com/stretchr/testify v1.4.0/go.mod h1:j7eGeouHqKxXV5pUuKE4zz7dFj8WfuZ+81PSLYec5m4=
github.com/yudai/pp v2.0.1+incompatible/go.mod h1:PuxR/8QJ7cyCkFp/aUDS+JY727OFEZkTdatxwunjIkc=
golang.org/x/sys v0.0.0-20190222072716-a9d3bda3a223/go.mod h1:STP8DvDyc/dI5b8T5hshtkjS+E42TnysNCUPdjciGhY=
golang.org/x/sys v0.0.0-20190813064441-fde4db37ae7a/go.mod h1:h1NjWce9XRLGQEsW7wpKNCjG9DtNlClVuFLEZdDNbEs=
gopkg.in/check.v1 v0.0.0-20161208181325-20d25e280405/go.mod h1:Co6ibVJAznAaIkqp8huTwlJQCZ016jof/cbN4VW5Yz0=
gopkg.in/check.v1 v1.0.0-20190902080502-41f04d3bba15/go.mod h1:Co6ibVJAznAaIkqp8huTwlJQCZ016jof/cbN4VW5Yz0=
gopkg.in/yaml.v2 v2.2.2/go.mod h1:hI93XBmqTisBFMUTm0b8Fm+jr3Dg1NNxqwp+5A1VGuI=
